
Microsoft Visual Studio Solution File, Format Version 12.00
# Visual Studio Version 17
VisualStudioVersion = 17.5.33530.505
MinimumVisualStudioVersion = 10.0.40219.1
Project("{FAE04EC0-301F-11D3-BF4B-00C04F79EFBC}") = "MyFirstWebApplication", "MyFirstWebApplication\MyFirstWebApplication.csproj", "{4CA6EA84-73E0-4377-980E-3982B77A4F76}"
EndProject
Global
	GlobalSection(SolutionConfigurationPlatforms) = preSolution
		Debug|Any CPU = Debug|Any CPU
		Release|Any CPU = Release|Any CPU
	EndGlobalSection
	GlobalSection(ProjectConfigurationPlatforms) = postSolution
		{4CA6EA84-73E0-4377-980E-3982B77A4F76}.Debug|Any CPU.ActiveCfg = Debug|Any CPU
		{4CA6EA84-73E0-4377-980E-3982B77A4F76}.Debug|Any CPU.Build.0 = Debug|Any CPU
		{4CA6EA84-73E0-4377-980E-3982B77A4F76}.Release|Any CPU.ActiveCfg = Release|Any CPU
		{4CA6EA84-73E0-4377-980E-3982B77A4F76}.Release|Any CPU.Build.0 = Release|Any CPU
	EndGlobalSection
	GlobalSection(SolutionProperties) = preSolution
		HideSolutionNode = FALSE
	EndGlobalSection
	GlobalSection(ExtensibilityGlobals) = postSolution
		SolutionGuid = {6A6E1B1F-399A-4131-9C94-7D7023FFEDCF}
	EndGlobalSection
EndGlobal
